<?xml version="1.0" encoding="utf-8"?>
<Project ToolsVersion="4.0" xmlns="http://schemas.microsoft.com/developer/msbuild/2003">
  <ItemGroup>
    <Filter Include="Исходные файлы">
      <UniqueIdentifier>{4FC737F1-C7A5-4376-A066-2A32D752A2FF}</UniqueIdentifier>
      <Extensions>cpp;c;cc;cxx;c++;cppm;ixx;def;odl;idl;hpj;bat;asm;asmx</Extensions>
    </Filter>
    <Filter Include="Файлы заголовков">
      <UniqueIdentifier>{93995380-89BD-4b04-88EB-625FBE52EBFB}</UniqueIdentifier>
      <Extensions>h;hh;hpp;hxx;h++;hm;inl;inc;ipp;xsd</Extensions>
    </Filter>
    <Filter Include="Файлы ресурсов">
      <UniqueIdentifier>{67DA6AB6-F800-4c08-8B7A-83BB121AAD01}</UniqueIdentifier>
      <Extensions>rc;ico;cur;bmp;dlg;rc2;rct;bin;rgs;gif;jpg;jpeg;jpe;resx;tiff;tif;png;wav;mfcribbon-ms</Extensions>
    </Filter>
    <Filter Include="Main">
      <UniqueIdentifier>{6d797b19-d2e5-4f1f-9ad6-c5912fe153ef}</UniqueIdentifier>
    </Filter>
    <Filter Include="Engin">
      <UniqueIdentifier>{de68f40e-c801-40be-bf45-89552e0f7d0f}</UniqueIdentifier>
    </Filter>
    <Filter Include="Border">
      <UniqueIdentifier>{823c2be4-d1de-4c72-b09c-bb685f94f4f0}</UniqueIdentifier>
    </Filter>
    <Filter Include="Level">
      <UniqueIdentifier>{73d237f1-35d2-4d7b-9e22-691328da6720}</UniqueIdentifier>
    </Filter>
    <Filter Include="Active_Brick">
      <UniqueIdentifier>{ff9fa4d0-2419-49d4-b385-06cb07668c91}</UniqueIdentifier>
    </Filter>
    <Filter Include="Falling_Letter">
      <UniqueIdentifier>{f480999a-78a1-4617-ac48-66c3b15716e3}</UniqueIdentifier>
    </Filter>
    <Filter Include="#Ball">
      <UniqueIdentifier>{90b5e152-a17d-4f04-b4dd-5c7897dbfa4b}</UniqueIdentifier>
    </Filter>
    <Filter Include="#Ball\Ball">
      <UniqueIdentifier>{9916eead-1b3f-4102-bcbc-59d0d5be7324}</UniqueIdentifier>
    </Filter>
    <Filter Include="#Ball\Ball_Set">
      <UniqueIdentifier>{78e62cd9-7750-4d95-9196-49823770b769}</UniqueIdentifier>
    </Filter>
    <Filter Include="#Platform">
      <UniqueIdentifier>{929a36c9-a6d8-4f35-a9aa-a7b50c47b295}</UniqueIdentifier>
    </Filter>
    <Filter Include="#Platform\Platform">
      <UniqueIdentifier>{289e066e-fa7c-45c7-b452-272f1cc1604d}</UniqueIdentifier>
    </Filter>
    <Filter Include="#Platform\Platform_Expanding">
      <UniqueIdentifier>{178c9e50-b77c-489a-b559-bb630b4d11a8}</UniqueIdentifier>
    </Filter>
    <Filter Include="#Platform\Platform_Glue">
      <UniqueIdentifier>{20daac41-6f2f-4bbb-86ba-c088e007f948}</UniqueIdentifier>
    </Filter>
    <Filter Include="#Platform\Platform_Laser">
      <UniqueIdentifier>{917bb7dc-6da4-489b-90cc-de40df4d3297}</UniqueIdentifier>
    </Filter>
    <Filter Include="#Platform\Platform_State">
      <UniqueIdentifier>{1bdd59af-c76a-46e6-acd2-b58552823cd4}</UniqueIdentifier>
    </Filter>
    <Filter Include="#Laser_Beam">
      <UniqueIdentifier>{58894310-18ea-4e61-8b3e-dc1fb9607f00}</UniqueIdentifier>
    </Filter>
    <Filter Include="#Laser_Beam\Laser_Beam">
      <UniqueIdentifier>{c9291c42-190f-4c72-8f2f-e210a020e9e7}</UniqueIdentifier>
    </Filter>
    <Filter Include="#Laser_Beam\Laser_Beam_Set">
      <UniqueIdentifier>{11ac7141-0391-43f9-a378-44070b1118c0}</UniqueIdentifier>
    </Filter>
    <Filter Include="#Tools">
      <UniqueIdentifier>{386cf600-4804-47db-88a2-2fc9365704f0}</UniqueIdentifier>
    </Filter>
    <Filter Include="#Tools\Tools">
      <UniqueIdentifier>{2d00b812-dfbf-4b16-942c-2381e7f8d22e}</UniqueIdentifier>
    </Filter>
    <Filter Include="#Tools\Config">
      <UniqueIdentifier>{cd1ae703-775a-431d-bb4d-8135cc9cf033}</UniqueIdentifier>
    </Filter>
  </ItemGroup>
  <ItemGroup>
    <ClInclude Include="framework.h">
      <Filter>Файлы заголовков</Filter>
    </ClInclude>
    <ClInclude Include="targetver.h">
      <Filter>Файлы заголовков</Filter>
    </ClInclude>
    <ClInclude Include="Resource.h">
      <Filter>Файлы заголовков</Filter>
    </ClInclude>
    <ClInclude Include="Main.h">
      <Filter>Main</Filter>
    </ClInclude>
    <ClInclude Include="Engin.h">
      <Filter>Engin</Filter>
    </ClInclude>
    <ClInclude Include="Border.h">
      <Filter>Border</Filter>
    </ClInclude>
    <ClInclude Include="Level.h">
      <Filter>Level</Filter>
    </ClInclude>
    <ClInclude Include="Config.h">
      <Filter>#Tools\Config</Filter>
    </ClInclude>
    <ClInclude Include="Ball.h">
      <Filter>#Ball\Ball</Filter>
    </ClInclude>
    <ClInclude Include="Platform.h">
      <Filter>#Platform\Platform</Filter>
    </ClInclude>
    <ClInclude Include="Active_Brick.h">
      <Filter>Active_Brick</Filter>
    </ClInclude>
    <ClInclude Include="Falling_Letter.h">
      <Filter>Falling_Letter</Filter>
    </ClInclude>
    <ClInclude Include="Ball_Set.h">
      <Filter>#Ball\Ball_Set</Filter>
    </ClInclude>
    <ClInclude Include="Laser_Beam.h">
      <Filter>#Laser_Beam\Laser_Beam</Filter>
    </ClInclude>
    <ClInclude Include="Tools.h">
      <Filter>#Tools\Tools</Filter>
    </ClInclude>
    <ClInclude Include="Laser_Beam_Set.h">
      <Filter>#Laser_Beam\Laser_Beam_Set</Filter>
    </ClInclude>
    <ClInclude Include="Platform_State.h">
      <Filter>#Platform\Platform_State</Filter>
    </ClInclude>
    <ClInclude Include="Platform_Glue.h">
      <Filter>#Platform\Platform_Glue</Filter>
    </ClInclude>
    <ClInclude Include="Platform_Expanding.h">
      <Filter>#Platform\Platform_Expanding</Filter>
    </ClInclude>
    <ClInclude Include="Platform_Laser.h">
      <Filter>#Platform\Platform_Laser</Filter>
    </ClInclude>
  </ItemGroup>
  <ItemGroup>
    <ResourceCompile Include="Popcorn.rc">
      <Filter>Файлы ресурсов</Filter>
    </ResourceCompile>
  </ItemGroup>
  <ItemGroup>
    <Image Include="small.ico">
      <Filter>Файлы ресурсов</Filter>
    </Image>
    <Image Include="Popcorn.ico">
      <Filter>Файлы ресурсов</Filter>
    </Image>
  </ItemGroup>
  <ItemGroup>
    <ClCompile Include="Main.cpp">
      <Filter>Main</Filter>
    </ClCompile>
    <ClCompile Include="Engin.cpp">
      <Filter>Engin</Filter>
    </ClCompile>
    <ClCompile Include="Border.cpp">
      <Filter>Border</Filter>
    </ClCompile>
    <ClCompile Include="Level.cpp">
      <Filter>Level</Filter>
    </ClCompile>
    <ClCompile Include="Config.cpp">
      <Filter>#Tools\Config</Filter>
    </ClCompile>
    <ClCompile Include="Ball.cpp">
      <Filter>#Ball\Ball</Filter>
    </ClCompile>
    <ClCompile Include="Platform.cpp">
      <Filter>#Platform\Platform</Filter>
    </ClCompile>
    <ClCompile Include="Active_Brick.cpp">
      <Filter>Active_Brick</Filter>
    </ClCompile>
    <ClCompile Include="Falling_Letter.cpp">
      <Filter>Falling_Letter</Filter>
    </ClCompile>
    <ClCompile Include="Ball_Set.cpp">
      <Filter>#Ball\Ball_Set</Filter>
    </ClCompile>
    <ClCompile Include="Laser_Beam.cpp">
      <Filter>#Laser_Beam\Laser_Beam</Filter>
    </ClCompile>
    <ClCompile Include="Tools.cpp">
      <Filter>#Tools\Tools</Filter>
    </ClCompile>
    <ClCompile Include="Laser_Beam_Set.cpp">
      <Filter>#Laser_Beam\Laser_Beam_Set</Filter>
    </ClCompile>
    <ClCompile Include="Platform_State.cpp">
      <Filter>#Platform\Platform_State</Filter>
    </ClCompile>
    <ClCompile Include="Platform_Glue.cpp">
      <Filter>#Platform\Platform_Glue</Filter>
    </ClCompile>
    <ClCompile Include="Platform_Expanding.cpp">
      <Filter>#Platform\Platform_Expanding</Filter>
    </ClCompile>
    <ClCompile Include="Platform_Laser.cpp">
      <Filter>#Platform\Platform_Laser</Filter>
    </ClCompile>
  </ItemGroup>
</Project>